{
  "name": "zeno-example-netlify",
  "version": "1.0.0",
  "lockfileVersion": 3,
  "requires": true,
  "packages": {
    "": {
      "name": "zeno-example-netlify",
      "version": "1.0.0",
      "dependencies": {
        "zeno": "file:../../"
      }
    },
    "../..": {
      "version": "0.1.0",
      "bin": {
        "zeno": "dist/cli/index.js"
      },
      "devDependencies": {
        "@types/bun": "latest",
        "@types/jest": "^29.5.14",
        "@types/node": "^22.13.5",
        "jest": "^29.7.0",
        "ts-jest": "^29.2.6",
        "tsup": "^8.5.1"
      },
      "peerDependencies": {
        "@types/node": ">=18",
        "typescript": "^5.0.0"
      },
      "peerDependenciesMeta": {
        "@types/node": {
          "optional": true
        },
        "typescript": {
          "optional": true
        }
      }
    },
    "node_modules/zeno": {
      "resolved": "../..",
      "link": true
    }
  }
}
